
Microsoft Visual Studio Solution File, Format Version 12.00
# Visual Studio Version 17
VisualStudioVersion = 17.5.33516.290
MinimumVisualStudioVersion = 10.0.40219.1
Project("{8BC9CEB8-8B4A-11D0-8D11-00A0C91BC942}") = "DBa", "DBa.vcxproj", "{C6873166-0ACA-446B-BE06-D5ABCAA3F401}"
EndProject
Global
	GlobalSection(SolutionConfigurationPlatforms) = preSolution
		Debug|x64 = Debug|x64
		Debug|x86 = Debug|x86
		Release|x64 = Release|x64
		Release|x86 = Release|x86
	EndGlobalSection
	GlobalSection(ProjectConfigurationPlatforms) = postSolution
		{C6873166-0ACA-446B-BE06-D5ABCAA3F401}.Debug|x64.ActiveCfg = Debug|x64
		{C6873166-0ACA-446B-BE06-D5ABCAA3F401}.Debug|x64.Build.0 = Debug|x64
		{C6873166-0ACA-446B-BE06-D5ABCAA3F401}.Debug|x86.ActiveCfg = Debug|Win32
		{C6873166-0ACA-446B-BE06-D5ABCAA3F401}.Debug|x86.Build.0 = Debug|Win32
		{C6873166-0ACA-446B-BE06-D5ABCAA3F401}.Release|x64.ActiveCfg = Release|x64
		{C6873166-0ACA-446B-BE06-D5ABCAA3F401}.Release|x64.Build.0 = Release|x64
		{C6873166-0ACA-446B-BE06-D5ABCAA3F401}.Release|x86.ActiveCfg = Release|Win32
		{C6873166-0ACA-446B-BE06-D5ABCAA3F401}.Release|x86.Build.0 = Release|Win32
	EndGlobalSection
	GlobalSection(SolutionProperties) = preSolution
		HideSolutionNode = FALSE
	EndGlobalSection
	GlobalSection(ExtensibilityGlobals) = postSolution
		SolutionGuid = {147A8D4E-CF4F-4688-8CA9-3F8435377A73}
	EndGlobalSection
EndGlobal
