<?xml version="1.0" encoding="utf-8"?>
<Project ToolsVersion="4.0" xmlns="http://schemas.microsoft.com/developer/msbuild/2003">
  <ItemGroup>
    <Filter Include="Исходные файлы">
      <UniqueIdentifier>{4FC737F1-C7A5-4376-A066-2A32D752A2FF}</UniqueIdentifier>
      <Extensions>cpp;c;cc;cxx;c++;cppm;ixx;def;odl;idl;hpj;bat;asm;asmx</Extensions>
    </Filter>
    <Filter Include="Файлы заголовков">
      <UniqueIdentifier>{93995380-89BD-4b04-88EB-625FBE52EBFB}</UniqueIdentifier>
      <Extensions>h;hh;hpp;hxx;h++;hm;inl;inc;ipp;xsd</Extensions>
    </Filter>
    <Filter Include="Файлы ресурсов">
      <UniqueIdentifier>{67DA6AB6-F800-4c08-8B7A-83BB121AAD01}</UniqueIdentifier>
      <Extensions>rc;ico;cur;bmp;dlg;rc2;rct;bin;rgs;gif;jpg;jpeg;jpe;resx;tiff;tif;png;wav;mfcribbon-ms</Extensions>
    </Filter>
  </ItemGroup>
  <ItemGroup>
    <ClCompile Include="AddEI.cpp">
      <Filter>Исходные файлы</Filter>
    </ClCompile>
    <ClCompile Include="mcsv.cpp">
      <Filter>Исходные файлы</Filter>
    </ClCompile>
    <ClCompile Include="AddUser.cpp">
      <Filter>Исходные файлы</Filter>
    </ClCompile>
    <ClCompile Include="AdminsList.cpp">
      <Filter>Исходные файлы</Filter>
    </ClCompile>
    <ClCompile Include="ChangePassword.cpp">
      <Filter>Исходные файлы</Filter>
    </ClCompile>
    <ClCompile Include="DBError.cpp">
      <Filter>Исходные файлы</Filter>
    </ClCompile>
    <ClCompile Include="EmailError.cpp">
      <Filter>Исходные файлы</Filter>
    </ClCompile>
    <ClCompile Include="exts.cpp">
      <Filter>Исходные файлы</Filter>
    </ClCompile>
    <ClCompile Include="Groups.cpp">
      <Filter>Исходные файлы</Filter>
    </ClCompile>
    <ClCompile Include="Help_f.cpp">
      <Filter>Исходные файлы</Filter>
    </ClCompile>
    <ClCompile Include="Login.cpp">
      <Filter>Исходные файлы</Filter>
    </ClCompile>
    <ClCompile Include="LoginError.cpp">
      <Filter>Исходные файлы</Filter>
    </ClCompile>
    <ClCompile Include="Main.cpp">
      <Filter>Исходные файлы</Filter>
    </ClCompile>
    <ClCompile Include="paths.cpp">
      <Filter>Исходные файлы</Filter>
    </ClCompile>
    <ClCompile Include="SendEmail.cpp">
      <Filter>Исходные файлы</Filter>
    </ClCompile>
    <ClCompile Include="trans.cpp">
      <Filter>Исходные файлы</Filter>
    </ClCompile>
    <ClCompile Include="EI.cpp">
      <Filter>Исходные файлы</Filter>
    </ClCompile>
    <ClCompile Include="EIClass.cpp">
      <Filter>Исходные файлы</Filter>
    </ClCompile>
    <ClCompile Include="UsrNotFound.cpp">
      <Filter>Исходные файлы</Filter>
    </ClCompile>
    <ClCompile Include="split.cpp">
      <Filter>Исходные файлы</Filter>
    </ClCompile>
    <ClCompile Include="Logger.cpp">
      <Filter>Исходные файлы</Filter>
    </ClCompile>
    <ClCompile Include="Event.cpp">
      <Filter>Исходные файлы</Filter>
    </ClCompile>
    <ClCompile Include="..\..\libs\sqlite3\sqlite3.c">
      <Filter>Исходные файлы</Filter>
    </ClCompile>
    <ClCompile Include="convert.cpp">
      <Filter>Исходные файлы</Filter>
    </ClCompile>
    <ClCompile Include="Confirm.cpp">
      <Filter>Исходные файлы</Filter>
    </ClCompile>
    <ClCompile Include="Changelog.cpp">
      <Filter>Исходные файлы</Filter>
    </ClCompile>
  </ItemGroup>
  <ItemGroup>
    <ClInclude Include="AddEI.h">
      <Filter>Файлы заголовков</Filter>
    </ClInclude>
    <ClInclude Include="mcsv.h">
      <Filter>Файлы заголовков</Filter>
    </ClInclude>
    <ClInclude Include="AddUser.h">
      <Filter>Файлы заголовков</Filter>
    </ClInclude>
    <ClInclude Include="AdminsList.h">
      <Filter>Файлы заголовков</Filter>
    </ClInclude>
    <ClInclude Include="ChangePassword.h">
      <Filter>Файлы заголовков</Filter>
    </ClInclude>
    <ClInclude Include="DBError.h">
      <Filter>Файлы заголовков</Filter>
    </ClInclude>
    <ClInclude Include="EmailError.h">
      <Filter>Файлы заголовков</Filter>
    </ClInclude>
    <ClInclude Include="exts.h">
      <Filter>Файлы заголовков</Filter>
    </ClInclude>
    <ClInclude Include="Groups.h">
      <Filter>Файлы заголовков</Filter>
    </ClInclude>
    <ClInclude Include="Help_f.h">
      <Filter>Файлы заголовков</Filter>
    </ClInclude>
    <ClInclude Include="Login.h">
      <Filter>Файлы заголовков</Filter>
    </ClInclude>
    <ClInclude Include="LoginError.h">
      <Filter>Файлы заголовков</Filter>
    </ClInclude>
    <ClInclude Include="Main.h">
      <Filter>Файлы заголовков</Filter>
    </ClInclude>
    <ClInclude Include="paths.h">
      <Filter>Файлы заголовков</Filter>
    </ClInclude>
    <ClInclude Include="SendEmail.h">
      <Filter>Файлы заголовков</Filter>
    </ClInclude>
    <ClInclude Include="split.h">
      <Filter>Файлы заголовков</Filter>
    </ClInclude>
    <ClInclude Include="trans.h">
      <Filter>Файлы заголовков</Filter>
    </ClInclude>
    <ClInclude Include="EI.h">
      <Filter>Файлы заголовков</Filter>
    </ClInclude>
    <ClInclude Include="EIClass.h">
      <Filter>Файлы заголовков</Filter>
    </ClInclude>
    <ClInclude Include="UsrNotFound.h">
      <Filter>Файлы заголовков</Filter>
    </ClInclude>
    <ClInclude Include="resource.h">
      <Filter>Файлы заголовков</Filter>
    </ClInclude>
    <ClInclude Include="..\..\include\Logger.h">
      <Filter>Файлы заголовков</Filter>
    </ClInclude>
    <ClInclude Include="..\..\include\Event.h">
      <Filter>Файлы заголовков</Filter>
    </ClInclude>
    <ClInclude Include="..\..\libs\sqlitedll\sqlite3.h">
      <Filter>Файлы заголовков</Filter>
    </ClInclude>
    <ClInclude Include="convert.h">
      <Filter>Файлы заголовков</Filter>
    </ClInclude>
    <ClInclude Include="Confirm.h">
      <Filter>Файлы заголовков</Filter>
    </ClInclude>
    <ClInclude Include="Changelog.h">
      <Filter>Файлы заголовков</Filter>
    </ClInclude>
  </ItemGroup>
  <ItemGroup>
    <None Include="TODO.md" />
  </ItemGroup>
  <ItemGroup>
    <ResourceCompile Include="Main.rc">
      <Filter>Файлы ресурсов</Filter>
    </ResourceCompile>
  </ItemGroup>
  <ItemGroup>
    <Image Include="..\..\dba\icon.ico">
      <Filter>Файлы ресурсов</Filter>
    </Image>
  </ItemGroup>
</Project>